
Microsoft Visual Studio Solution File, Format Version 12.00
# Visual Studio Version 16
VisualStudioVersion = 16.0.29102.190
MinimumVisualStudioVersion = 10.0.40219.1
Project("{FAE04EC0-301F-11D3-BF4B-00C04F79EFBC}") = "deleteAllFriends", "deleteAllFriends\deleteAllFriends.csproj", "{7514F6FD-1694-408E-A076-CD4A57929E75}"
EndProject
Global
	GlobalSection(SolutionConfigurationPlatforms) = preSolution
		Debug|Any CPU = Debug|Any CPU
		Release|Any CPU = Release|Any CPU
	EndGlobalSection
	GlobalSection(ProjectConfigurationPlatforms) = postSolution
		{7514F6FD-1694-408E-A076-CD4A57929E75}.Debug|Any CPU.ActiveCfg = Debug|Any CPU
		{7514F6FD-1694-408E-A076-CD4A57929E75}.Debug|Any CPU.Build.0 = Debug|Any CPU
		{7514F6FD-1694-408E-A076-CD4A57929E75}.Release|Any CPU.ActiveCfg = Release|Any CPU
		{7514F6FD-1694-408E-A076-CD4A57929E75}.Release|Any CPU.Build.0 = Release|Any CPU
	EndGlobalSection
	GlobalSection(SolutionProperties) = preSolution
		HideSolutionNode = FALSE
	EndGlobalSection
	GlobalSection(ExtensibilityGlobals) = postSolution
		SolutionGuid = {30D68263-B140-4414-B571-58EAB2E83D77}
	EndGlobalSection
EndGlobal
